// !$*UTF8*$!
{
	archiveVersion = 1;
	classes = {
	};
	objectVersion = 77;
	objects = {

/* Begin PBXBuildFile section */
		25A6CD68AAF475F706E72700 /* Metrics.swift in Sources */ = {isa = PBXBuildFile; fileRef = 536EBFCF29153D55C2F5CA08 /* Metrics.swift */; };
		3BD70713F180E00A0A5B752C /* LiveBoxWidget.swift in Sources */ = {isa = PBXBuildFile; fileRef = B174B71BA5B9BA944A5C2D91 /* LiveBoxWidget.swift */; };
		AB575B011D715CE1B1408D9F /* LiveBoxApp.swift in Sources */ = {isa = PBXBuildFile; fileRef = E2A4DB432EE1420AA0CF6BAC /* LiveBoxApp.swift */; };
		F9A4D8CACBCE6A3159788C58 /* LiveBoxWidget.appex in Embed Foundation Extensions */ = {isa = PBXBuildFile; fileRef = E95C66827E1A520EC993383D /* LiveBoxWidget.appex */; settings = {ATTRIBUTES = (RemoveHeadersOnCopy, ); }; };
/* End PBXBuildFile section */

/* Begin PBXContainerItemProxy section */
		BB2AC9C7AD185726B4366654 /* PBXContainerItemProxy */ = {
			isa = PBXContainerItemProxy;
			containerPortal = FDE15B15FBAE700C9EBB6399 /* Project object */;
			proxyType = 1;
			remoteGlobalIDString = 7B17EE90A10DF7C08C5F86F2;
			remoteInfo = LiveBoxWidget;
		};
/* End PBXContainerItemProxy section */

/* Begin PBXCopyFilesBuildPhase section */
		A43DEA76DD3AAD79AD3C8D51 /* Embed Foundation Extensions */ = {
			isa = PBXCopyFilesBuildPhase;
			buildActionMask = 2147483647;
			dstPath = "";
			dstSubfolderSpec = 13;
			files = (
				F9A4D8CACBCE6A3159788C58 /* LiveBoxWidget.appex in Embed Foundation Extensions */,
			);
			name = "Embed Foundation Extensions";
			runOnlyForDeploymentPostprocessing = 0;
		};
/* End PBXCopyFilesBuildPhase section */

/* Begin PBXFileReference section */
		1DB26C8E33BD5FFE59DCCAF5 /* Info.plist */ = {isa = PBXFileReference; lastKnownFileType = text.plist; path = Info.plist; sourceTree = "<group>"; };
		2CB06424E433CE1119AC3699 /* LiveBoxApp.app */ = {isa = PBXFileReference; explicitFileType = wrapper.application; includeInIndex = 0; path = LiveBoxApp.app; sourceTree = BUILT_PRODUCTS_DIR; };
		470D0EBCAD8EACCAB802B350 /* Info.plist */ = {isa = PBXFileReference; lastKnownFileType = text.plist; path = Info.plist; sourceTree = "<group>"; };
		536EBFCF29153D55C2F5CA08 /* Metrics.swift */ = {isa = PBXFileReference; lastKnownFileType = sourcecode.swift; path = Metrics.swift; sourceTree = "<group>"; };
		B174B71BA5B9BA944A5C2D91 /* LiveBoxWidget.swift */ = {isa = PBXFileReference; lastKnownFileType = sourcecode.swift; path = LiveBoxWidget.swift; sourceTree = "<group>"; };
		E2A4DB432EE1420AA0CF6BAC /* LiveBoxApp.swift */ = {isa = PBXFileReference; lastKnownFileType = sourcecode.swift; path = LiveBoxApp.swift; sourceTree = "<group>"; };
		E95C66827E1A520EC993383D /* LiveBoxWidget.appex */ = {isa = PBXFileReference; explicitFileType = "wrapper.app-extension"; includeInIndex = 0; path = LiveBoxWidget.appex; sourceTree = BUILT_PRODUCTS_DIR; };
/* End PBXFileReference section */

/* Begin PBXGroup section */
		1EEAFEB56F012681B14B0B50 /* LiveBoxWidget */ = {
			isa = PBXGroup;
			children = (
				1DB26C8E33BD5FFE59DCCAF5 /* Info.plist */,
				B174B71BA5B9BA944A5C2D91 /* LiveBoxWidget.swift */,
				536EBFCF29153D55C2F5CA08 /* Metrics.swift */,
			);
			path = LiveBoxWidget;
			sourceTree = "<group>";
		};
		4D51410CD91D502D34A29424 = {
			isa = PBXGroup;
			children = (
				5EB1BC5F7C863442ABEEE733 /* LiveBoxApp */,
				1EEAFEB56F012681B14B0B50 /* LiveBoxWidget */,
				78BF12CC9BE11B9A6245DEE9 /* Products */,
			);
			sourceTree = "<group>";
		};
		5EB1BC5F7C863442ABEEE733 /* LiveBoxApp */ = {
			isa = PBXGroup;
			children = (
				470D0EBCAD8EACCAB802B350 /* Info.plist */,
				E2A4DB432EE1420AA0CF6BAC /* LiveBoxApp.swift */,
			);
			path = LiveBoxApp;
			sourceTree = "<group>";
		};
		78BF12CC9BE11B9A6245DEE9 /* Products */ = {
			isa = PBXGroup;
			children = (
				2CB06424E433CE1119AC3699 /* LiveBoxApp.app */,
				E95C66827E1A520EC993383D /* LiveBoxWidget.appex */,
			);
			name = Products;
			sourceTree = "<group>";
		};
/* End PBXGroup section */

/* Begin PBXNativeTarget section */
		7B17EE90A10DF7C08C5F86F2 /* LiveBoxWidget */ = {
			isa = PBXNativeTarget;
			buildConfigurationList = E35CA0CD0E9E5B5FD18CDC41 /* Build configuration list for PBXNativeTarget "LiveBoxWidget" */;
			buildPhases = (
				0EA2BE11F13E20A3FEF3635E /* Sources */,
			);
			buildRules = (
			);
			dependencies = (
			);
			name = LiveBoxWidget;
			packageProductDependencies = (
			);
			productName = LiveBoxWidget;
			productReference = E95C66827E1A520EC993383D /* LiveBoxWidget.appex */;
			productType = "com.apple.product-type.app-extension";
		};
		A2C129BE40F1F908CCBFCC70 /* LiveBoxApp */ = {
			isa = PBXNativeTarget;
			buildConfigurationList = FE40BDD422D9A2691A184144 /* Build configuration list for PBXNativeTarget "LiveBoxApp" */;
			buildPhases = (
				6AF08F301CD69188D0CF672A /* Sources */,
				A43DEA76DD3AAD79AD3C8D51 /* Embed Foundation Extensions */,
			);
			buildRules = (
			);
			dependencies = (
				9AFAADDF0C84FD43AA69C1F0 /* PBXTargetDependency */,
			);
			name = LiveBoxApp;
			packageProductDependencies = (
			);
			productName = LiveBoxApp;
			productReference = 2CB06424E433CE1119AC3699 /* LiveBoxApp.app */;
			productType = "com.apple.product-type.application";
		};
/* End PBXNativeTarget section */

/* Begin PBXProject section */
		FDE15B15FBAE700C9EBB6399 /* Project object */ = {
			isa = PBXProject;
			attributes = {
				BuildIndependentTargetsInParallel = YES;
				LastUpgradeCheck = 1430;
				TargetAttributes = {
					7B17EE90A10DF7C08C5F86F2 = {
						DevelopmentTeam = "";
						ProvisioningStyle = Manual;
					};
					A2C129BE40F1F908CCBFCC70 = {
						DevelopmentTeam = "";
						ProvisioningStyle = Manual;
					};
				};
			};
			buildConfigurationList = 1C8F7483B055EDACCF78A5C0 /* Build configuration list for PBXProject "LiveBox" */;
			developmentRegion = en;
			hasScannedForEncodings = 0;
			knownRegions = (
				Base,
				en,
			);
			mainGroup = 4D51410CD91D502D34A29424;
			minimizedProjectReferenceProxies = 1;
			preferredProjectObjectVersion = 77;
			productRefGroup = 78BF12CC9BE11B9A6245DEE9 /* Products */;
			projectDirPath = "";
			projectRoot = "";
			targets = (
				A2C129BE40F1F908CCBFCC70 /* LiveBoxApp */,
				7B17EE90A10DF7C08C5F86F2 /* LiveBoxWidget */,
			);
		};
/* End PBXProject section */

/* Begin PBXSourcesBuildPhase section */
		0EA2BE11F13E20A3FEF3635E /* Sources */ = {
			isa = PBXSourcesBuildPhase;
			buildActionMask = 2147483647;
			files = (
				3BD70713F180E00A0A5B752C /* LiveBoxWidget.swift in Sources */,
				25A6CD68AAF475F706E72700 /* Metrics.swift in Sources */,
			);
			runOnlyForDeploymentPostprocessing = 0;
		};
		6AF08F301CD69188D0CF672A /* Sources */ = {
			isa = PBXSourcesBuildPhase;
			buildActionMask = 2147483647;
			files = (
				AB575B011D715CE1B1408D9F /* LiveBoxApp.swift in Sources */,
			);
			runOnlyForDeploymentPostprocessing = 0;
		};
/* End PBXSourcesBuildPhase section */

/* Begin PBXTargetDependency section */
		9AFAADDF0C84FD43AA69C1F0 /* PBXTargetDependency */ = {
			isa = PBXTargetDependency;
			target = 7B17EE90A10DF7C08C5F86F2 /* LiveBoxWidget */;
			targetProxy = BB2AC9C7AD185726B4366654 /* PBXContainerItemProxy */;
		};
/* End PBXTargetDependency section */

/* Begin XCBuildConfiguration section */
		1913F5DA3F25D304E975E533 /* Release */ = {
			isa = XCBuildConfiguration;
			buildSettings = {
				CODE_SIGN_IDENTITY = "-";
				CODE_SIGN_STYLE = Manual;
				COMBINE_HIDPI_IMAGES = YES;
				DEVELOPMENT_TEAM = "";
				ENABLE_HARDENED_RUNTIME = NO;
				GENERATE_INFOPLIST_FILE = NO;
				INFOPLIST_FILE = LiveBoxWidget/Info.plist;
				LD_RUNPATH_SEARCH_PATHS = "$(inherited) @executable_path/../Frameworks @executable_path/../../../../Frameworks";
				MACOSX_DEPLOYMENT_TARGET = 15.0;
				PRODUCT_BUNDLE_IDENTIFIER = com.livebox.app.widget;
				SDKROOT = macosx;
				SKIP_INSTALL = YES;
				SWIFT_VERSION = 5.10;
			};
			name = Release;
		};
		843368CBED366B6A3636ACE4 /* Debug */ = {
			isa = XCBuildConfiguration;
			buildSettings = {
				ALWAYS_SEARCH_USER_PATHS = NO;
				CLANG_ANALYZER_NONNULL = YES;
				CLANG_ANALYZER_NUMBER_OBJECT_CONVERSION = YES_AGGRESSIVE;
				CLANG_CXX_LANGUAGE_STANDARD = "gnu++14";
				CLANG_CXX_LIBRARY = "libc++";
				CLANG_ENABLE_MODULES = YES;
				CLANG_ENABLE_OBJC_ARC = YES;
				CLANG_ENABLE_OBJC_WEAK = YES;
				CLANG_WARN_BLOCK_CAPTURE_AUTORELEASING = YES;
				CLANG_WARN_BOOL_CONVERSION = YES;
				CLANG_WARN_COMMA = YES;
				CLANG_WARN_CONSTANT_CONVERSION = YES;
				CLANG_WARN_DEPRECATED_OBJC_IMPLEMENTATIONS = YES;
				CLANG_WARN_DIRECT_OBJC_ISA_USAGE = YES_ERROR;
				CLANG_WARN_DOCUMENTATION_COMMENTS = YES;
				CLANG_WARN_EMPTY_BODY = YES;
				CLANG_WARN_ENUM_CONVERSION = YES;
				CLANG_WARN_INFINITE_RECURSION = YES;
				CLANG_WARN_INT_CONVERSION = YES;
				CLANG_WARN_NON_LITERAL_NULL_CONVERSION = YES;
				CLANG_WARN_OBJC_IMPLICIT_RETAIN_SELF = YES;
				CLANG_WARN_OBJC_LITERAL_CONVERSION = YES;
				CLANG_WARN_OBJC_ROOT_CLASS = YES_ERROR;
				CLANG_WARN_QUOTED_INCLUDE_IN_FRAMEWORK_HEADER = YES;
				CLANG_WARN_RANGE_LOOP_ANALYSIS = YES;
				CLANG_WARN_STRICT_PROTOTYPES = YES;
				CLANG_WARN_SUSPICIOUS_MOVE = YES;
				CLANG_WARN_UNGUARDED_AVAILABILITY = YES_AGGRESSIVE;
				CLANG_WARN_UNREACHABLE_CODE = YES;
				CLANG_WARN__DUPLICATE_METHOD_MATCH = YES;
				COPY_PHASE_STRIP = NO;
				DEBUG_INFORMATION_FORMAT = dwarf;
				ENABLE_STRICT_OBJC_MSGSEND = YES;
				ENABLE_TESTABILITY = YES;
				GCC_C_LANGUAGE_STANDARD = gnu11;
				GCC_DYNAMIC_NO_PIC = NO;
				GCC_NO_COMMON_BLOCKS = YES;
				GCC_OPTIMIZATION_LEVEL = 0;
				GCC_PREPROCESSOR_DEFINITIONS = (
					"$(inherited)",
					"DEBUG=1",
				);
				GCC_WARN_64_TO_32_BIT_CONVERSION = YES;
				GCC_WARN_ABOUT_RETURN_TYPE = YES_ERROR;
				GCC_WARN_UNDECLARED_SELECTOR = YES;
				GCC_WARN_UNINITIALIZED_AUTOS = YES_AGGRESSIVE;
				GCC_WARN_UNUSED_FUNCTION = YES;
				GCC_WARN_UNUSED_VARIABLE = YES;
				MACOSX_DEPLOYMENT_TARGET = 15.0;
				MTL_ENABLE_DEBUG_INFO = INCLUDE_SOURCE;
				MTL_FAST_MATH = YES;
				ONLY_ACTIVE_ARCH = YES;
				PRODUCT_NAME = "$(TARGET_NAME)";
				SDKROOT = macosx;
				SWIFT_ACTIVE_COMPILATION_CONDITIONS = DEBUG;
				SWIFT_OPTIMIZATION_LEVEL = "-Onone";
				SWIFT_VERSION = 5.0;
			};
			name = Debug;
		};
		907DBDB1CD75AD364C9D7F10 /* Debug */ = {
			isa = XCBuildConfiguration;
			buildSettings = {
				CODE_SIGN_IDENTITY = "-";
				CODE_SIGN_STYLE = Manual;
				COMBINE_HIDPI_IMAGES = YES;
				DEVELOPMENT_TEAM = "";
				ENABLE_HARDENED_RUNTIME = NO;
				GENERATE_INFOPLIST_FILE = NO;
				INFOPLIST_FILE = LiveBoxWidget/Info.plist;
				LD_RUNPATH_SEARCH_PATHS = "$(inherited) @executable_path/../Frameworks @executable_path/../../../../Frameworks";
				MACOSX_DEPLOYMENT_TARGET = 15.0;
				PRODUCT_BUNDLE_IDENTIFIER = com.livebox.app.widget;
				SDKROOT = macosx;
				SKIP_INSTALL = YES;
				SWIFT_VERSION = 5.10;
			};
			name = Debug;
		};
		B65DC7DB03893164D75C55EA /* Release */ = {
			isa = XCBuildConfiguration;
			buildSettings = {
				ALWAYS_SEARCH_USER_PATHS = NO;
				CLANG_ANALYZER_NONNULL = YES;
				CLANG_ANALYZER_NUMBER_OBJECT_CONVERSION = YES_AGGRESSIVE;
				CLANG_CXX_LANGUAGE_STANDARD = "gnu++14";
				CLANG_CXX_LIBRARY = "libc++";
				CLANG_ENABLE_MODULES = YES;
				CLANG_ENABLE_OBJC_ARC = YES;
				CLANG_ENABLE_OBJC_WEAK = YES;
				CLANG_WARN_BLOCK_CAPTURE_AUTORELEASING = YES;
				CLANG_WARN_BOOL_CONVERSION = YES;
				CLANG_WARN_COMMA = YES;
				CLANG_WARN_CONSTANT_CONVERSION = YES;
				CLANG_WARN_DEPRECATED_OBJC_IMPLEMENTATIONS = YES;
				CLANG_WARN_DIRECT_OBJC_ISA_USAGE = YES_ERROR;
				CLANG_WARN_DOCUMENTATION_COMMENTS = YES;
				CLANG_WARN_EMPTY_BODY = YES;
				CLANG_WARN_ENUM_CONVERSION = YES;
				CLANG_WARN_INFINITE_RECURSION = YES;
				CLANG_WARN_INT_CONVERSION = YES;
				CLANG_WARN_NON_LITERAL_NULL_CONVERSION = YES;
				CLANG_WARN_OBJC_IMPLICIT_RETAIN_SELF = YES;
				CLANG_WARN_OBJC_LITERAL_CONVERSION = YES;
				CLANG_WARN_OBJC_ROOT_CLASS = YES_ERROR;
				CLANG_WARN_QUOTED_INCLUDE_IN_FRAMEWORK_HEADER = YES;
				CLANG_WARN_RANGE_LOOP_ANALYSIS = YES;
				CLANG_WARN_STRICT_PROTOTYPES = YES;
				CLANG_WARN_SUSPICIOUS_MOVE = YES;
				CLANG_WARN_UNGUARDED_AVAILABILITY = YES_AGGRESSIVE;
				CLANG_WARN_UNREACHABLE_CODE = YES;
				CLANG_WARN__DUPLICATE_METHOD_MATCH = YES;
				COPY_PHASE_STRIP = NO;
				DEBUG_INFORMATION_FORMAT = "dwarf-with-dsym";
				ENABLE_NS_ASSERTIONS = NO;
				ENABLE_STRICT_OBJC_MSGSEND = YES;
				GCC_C_LANGUAGE_STANDARD = gnu11;
				GCC_NO_COMMON_BLOCKS = YES;
				GCC_WARN_64_TO_32_BIT_CONVERSION = YES;
				GCC_WARN_ABOUT_RETURN_TYPE = YES_ERROR;
				GCC_WARN_UNDECLARED_SELECTOR = YES;
				GCC_WARN_UNINITIALIZED_AUTOS = YES_AGGRESSIVE;
				GCC_WARN_UNUSED_FUNCTION = YES;
				GCC_WARN_UNUSED_VARIABLE = YES;
				MACOSX_DEPLOYMENT_TARGET = 15.0;
				MTL_ENABLE_DEBUG_INFO = NO;
				MTL_FAST_MATH = YES;
				PRODUCT_NAME = "$(TARGET_NAME)";
				SDKROOT = macosx;
				SWIFT_COMPILATION_MODE = wholemodule;
				SWIFT_OPTIMIZATION_LEVEL = "-O";
				SWIFT_VERSION = 5.0;
			};
			name = Release;
		};
		CB20FAE5319D02C92A22F658 /* Release */ = {
			isa = XCBuildConfiguration;
			buildSettings = {
				ASSETCATALOG_COMPILER_APPICON_NAME = AppIcon;
				CODE_SIGN_IDENTITY = "-";
				CODE_SIGN_STYLE = Manual;
				COMBINE_HIDPI_IMAGES = YES;
				DEVELOPMENT_TEAM = "";
				ENABLE_HARDENED_RUNTIME = NO;
				GENERATE_INFOPLIST_FILE = NO;
				INFOPLIST_FILE = LiveBoxApp/Info.plist;
				LD_RUNPATH_SEARCH_PATHS = (
					"$(inherited)",
					"@executable_path/../Frameworks",
				);
				MACOSX_DEPLOYMENT_TARGET = 15.0;
				PRODUCT_BUNDLE_IDENTIFIER = com.livebox.app;
				SDKROOT = macosx;
				SWIFT_VERSION = 5.10;
			};
			name = Release;
		};
		D2C118746DAA95EEBC9AAD8A /* Debug */ = {
			isa = XCBuildConfiguration;
			buildSettings = {
				ASSETCATALOG_COMPILER_APPICON_NAME = AppIcon;
				CODE_SIGN_IDENTITY = "-";
				CODE_SIGN_STYLE = Manual;
				COMBINE_HIDPI_IMAGES = YES;
				DEVELOPMENT_TEAM = "";
				ENABLE_HARDENED_RUNTIME = NO;
				GENERATE_INFOPLIST_FILE = NO;
				INFOPLIST_FILE = LiveBoxApp/Info.plist;
				LD_RUNPATH_SEARCH_PATHS = (
					"$(inherited)",
					"@executable_path/../Frameworks",
				);
				MACOSX_DEPLOYMENT_TARGET = 15.0;
				PRODUCT_BUNDLE_IDENTIFIER = com.livebox.app;
				SDKROOT = macosx;
				SWIFT_VERSION = 5.10;
			};
			name = Debug;
		};
/* End XCBuildConfiguration section */

/* Begin XCConfigurationList section */
		1C8F7483B055EDACCF78A5C0 /* Build configuration list for PBXProject "LiveBox" */ = {
			isa = XCConfigurationList;
			buildConfigurations = (
				843368CBED366B6A3636ACE4 /* Debug */,
				B65DC7DB03893164D75C55EA /* Release */,
			);
			defaultConfigurationIsVisible = 0;
			defaultConfigurationName = Debug;
		};
		E35CA0CD0E9E5B5FD18CDC41 /* Build configuration list for PBXNativeTarget "LiveBoxWidget" */ = {
			isa = XCConfigurationList;
			buildConfigurations = (
				907DBDB1CD75AD364C9D7F10 /* Debug */,
				1913F5DA3F25D304E975E533 /* Release */,
			);
			defaultConfigurationIsVisible = 0;
			defaultConfigurationName = Debug;
		};
		FE40BDD422D9A2691A184144 /* Build configuration list for PBXNativeTarget "LiveBoxApp" */ = {
			isa = XCConfigurationList;
			buildConfigurations = (
				D2C118746DAA95EEBC9AAD8A /* Debug */,
				CB20FAE5319D02C92A22F658 /* Release */,
			);
			defaultConfigurationIsVisible = 0;
			defaultConfigurationName = Debug;
		};
/* End XCConfigurationList section */
	};
	rootObject = FDE15B15FBAE700C9EBB6399 /* Project object */;
}
